
Microsoft Visual Studio Solution File, Format Version 11.00
# Visual Studio 2010
Project("{FAE04EC0-301F-11D3-BF4B-00C04F79EFBC}") = "simpleViewerWpf", "simpleViewerWpf\simpleViewerWpf.csproj", "{E0A1D9D4-49A7-4497-8DBB-0DE8D2E0C087}"
EndProject
Project("{FAE04EC0-301F-11D3-BF4B-00C04F79EFBC}") = "CustomChromeLibrary", "..\..\Users\jamiller\Downloads\WpfCustomChromeLib\WpfCustomChromeLib\Libraries\CustomChromeLibrary\CustomChromeLibrary.csproj", "{25990F61-A27B-4EDF-A402-B31BF952153F}"
EndProject
Project("{FAE04EC0-301F-11D3-BF4B-00C04F79EFBC}") = "Microsoft.Windows.Shell", "..\..\Users\jamiller\Downloads\WpfCustomChromeLib\WpfCustomChromeLib\ThirdParty\WPF Shell Integration Library v2\Microsoft.Windows.Shell\Microsoft.Windows.Shell.csproj", "{55D5297C-F1DF-4B76-A3C1-D82CC294EEBB}"
EndProject
Global
	GlobalSection(SolutionConfigurationPlatforms) = preSolution
		Debug|Any CPU = Debug|Any CPU
		Debug|x86 = Debug|x86
		Release|Any CPU = Release|Any CPU
		Release|x86 = Release|x86
	EndGlobalSection
	GlobalSection(ProjectConfigurationPlatforms) = postSolution
		{E0A1D9D4-49A7-4497-8DBB-0DE8D2E0C087}.Debug|Any CPU.ActiveCfg = Debug|Any CPU
		{E0A1D9D4-49A7-4497-8DBB-0DE8D2E0C087}.Debug|Any CPU.Build.0 = Debug|Any CPU
		{E0A1D9D4-49A7-4497-8DBB-0DE8D2E0C087}.Debug|x86.ActiveCfg = Debug|Any CPU
		{E0A1D9D4-49A7-4497-8DBB-0DE8D2E0C087}.Release|Any CPU.ActiveCfg = Release|Any CPU
		{E0A1D9D4-49A7-4497-8DBB-0DE8D2E0C087}.Release|Any CPU.Build.0 = Release|Any CPU
		{E0A1D9D4-49A7-4497-8DBB-0DE8D2E0C087}.Release|x86.ActiveCfg = Release|Any CPU
		{25990F61-A27B-4EDF-A402-B31BF952153F}.Debug|Any CPU.ActiveCfg = Debug|Any CPU
		{25990F61-A27B-4EDF-A402-B31BF952153F}.Debug|Any CPU.Build.0 = Debug|Any CPU
		{25990F61-A27B-4EDF-A402-B31BF952153F}.Debug|x86.ActiveCfg = Debug|Any CPU
		{25990F61-A27B-4EDF-A402-B31BF952153F}.Release|Any CPU.ActiveCfg = Release|Any CPU
		{25990F61-A27B-4EDF-A402-B31BF952153F}.Release|Any CPU.Build.0 = Release|Any CPU
		{25990F61-A27B-4EDF-A402-B31BF952153F}.Release|x86.ActiveCfg = Release|Any CPU
		{55D5297C-F1DF-4B76-A3C1-D82CC294EEBB}.Debug|Any CPU.ActiveCfg = Debug|Any CPU
		{55D5297C-F1DF-4B76-A3C1-D82CC294EEBB}.Debug|Any CPU.Build.0 = Debug|Any CPU
		{55D5297C-F1DF-4B76-A3C1-D82CC294EEBB}.Debug|x86.ActiveCfg = Debug|x86
		{55D5297C-F1DF-4B76-A3C1-D82CC294EEBB}.Debug|x86.Build.0 = Debug|x86
		{55D5297C-F1DF-4B76-A3C1-D82CC294EEBB}.Release|Any CPU.ActiveCfg = Release|Any CPU
		{55D5297C-F1DF-4B76-A3C1-D82CC294EEBB}.Release|Any CPU.Build.0 = Release|Any CPU
		{55D5297C-F1DF-4B76-A3C1-D82CC294EEBB}.Release|x86.ActiveCfg = Release|x86
		{55D5297C-F1DF-4B76-A3C1-D82CC294EEBB}.Release|x86.Build.0 = Release|x86
	EndGlobalSection
	GlobalSection(SolutionProperties) = preSolution
		HideSolutionNode = FALSE
	EndGlobalSection
EndGlobal
